
Microsoft Visual Studio Solution File, Format Version 12.00
# Visual Studio 14
VisualStudioVersion = 14.0.24720.0
MinimumVisualStudioVersion = 10.0.40219.1
Project("{2150E333-8FDC-42A3-9474-1A3956D46DE8}") = "src", "src", "{4E3DF2C1-79B8-4CB6-B5E7-D0DA01AE7751}"
EndProject
Project("{2150E333-8FDC-42A3-9474-1A3956D46DE8}") = "test", "test", "{140BFDC3-C45C-43F8-A323-406020659ECA}"
EndProject
Project("{FAE04EC0-301F-11D3-BF4B-00C04F79EFBC}") = "Alchemy", "..\Alchemy-Websockets\src\Alchemy\Alchemy.csproj", "{45486CDE-86A3-4769-952F-E0821BF79493}"
EndProject
Project("{2150E333-8FDC-42A3-9474-1A3956D46DE8}") = "BrowserTestClient", "BrowserTestClient", "{3D975549-410F-4838-830F-242EF376116E}"
	ProjectSection(SolutionItems) = preProject
		test\BrowserTestClient\ClientWithoutProtocol.html = test\BrowserTestClient\ClientWithoutProtocol.html
	EndProjectSection
EndProject
Project("{2150E333-8FDC-42A3-9474-1A3956D46DE8}") = "ConsoleTestApps", "ConsoleTestApps", "{8A693CC3-DCAB-4ED4-8E29-E2CD781E6A8D}"
EndProject
Project("{2150E333-8FDC-42A3-9474-1A3956D46DE8}") = "SpeedTestApp", "SpeedTestApp", "{47111966-694A-4D01-BCBA-A98276B5D440}"
EndProject
Project("{FAE04EC0-301F-11D3-BF4B-00C04F79EFBC}") = "Test1.Client.Mono", "test\ConsoleTestApps\Mono\Test1.Client.Mono.csproj", "{E722D976-399A-405A-B818-073BDA9DBB0E}"
EndProject
Project("{FAE04EC0-301F-11D3-BF4B-00C04F79EFBC}") = "Test1.Messages.Mono", "test\ConsoleTestApps\Mono\Test1.Messages.Mono.csproj", "{13CB30C8-528D-4C71-A937-FCF1DBC5E762}"
EndProject
Project("{FAE04EC0-301F-11D3-BF4B-00C04F79EFBC}") = "Test1.Service.Mono", "test\ConsoleTestApps\Mono\Test1.Service.Mono.csproj", "{72A84AD5-213F-4DBD-8890-2B1B7CEEFC08}"
EndProject
Project("{FAE04EC0-301F-11D3-BF4B-00C04F79EFBC}") = "Test2.Client.Mono", "test\SpeedTestApp\Mono\Test2.Client.Mono.csproj", "{A748B855-6AC6-4F89-BEBA-094E97AEB2C0}"
EndProject
Project("{FAE04EC0-301F-11D3-BF4B-00C04F79EFBC}") = "Test2.Contracts.Mono", "test\SpeedTestApp\Mono\Test2.Contracts.Mono.csproj", "{BE3C83E3-6A92-453D-BA90-00D8EF810286}"
EndProject
Project("{FAE04EC0-301F-11D3-BF4B-00C04F79EFBC}") = "Test2.Service.Mono", "test\SpeedTestApp\Mono\Test2.Service.Mono.csproj", "{D8A24025-5596-4391-AF4C-676AA434CADE}"
EndProject
Project("{FAE04EC0-301F-11D3-BF4B-00C04F79EFBC}") = "Newtonsoft.Json.Net40", "..\Newtonsoft.Json\Src\Newtonsoft.Json\Newtonsoft.Json.Net40.csproj", "{A9AE40FF-1A21-414A-9FE7-3BE13644CC6D}"
EndProject
Project("{FAE04EC0-301F-11D3-BF4B-00C04F79EFBC}") = "MsgPack.Net40", "..\msgpack-cli\src\MsgPack.Net40\MsgPack.Net40.csproj", "{D45D4CBE-AFE7-4E2A-945D-47AED564C39D}"
EndProject
Project("{FAE04EC0-301F-11D3-BF4B-00C04F79EFBC}") = "Newtonsoft.Msgpack", "src\Newtonsoft.Msgpack\Newtonsoft.Msgpack.csproj", "{39FE4157-2A85-4AEE-8D4A-4B7A1A60B03C}"
EndProject
Project("{2150E333-8FDC-42A3-9474-1A3956D46DE8}") = "NUnitTests", "NUnitTests", "{F8A4213C-8F2E-48E4-BEA7-2BE57D1C7472}"
	ProjectSection(SolutionItems) = preProject
		test\NUnitTests\RunNUnitTests.txt = test\NUnitTests\RunNUnitTests.txt
	EndProjectSection
EndProject
Project("{2150E333-8FDC-42A3-9474-1A3956D46DE8}") = "dependencies", "dependencies", "{8461292F-1494-437E-B835-F85B36A23FBD}"
EndProject
Project("{FAE04EC0-301F-11D3-BF4B-00C04F79EFBC}") = "Remact.Net.DesktopAppHelper", "src\Remact.Net.DesktopAppHelper\Remact.Net.DesktopAppHelper.csproj", "{66EF889F-F66F-4411-83AD-7C2D00D26C2D}"
EndProject
Project("{FAE04EC0-301F-11D3-BF4B-00C04F79EFBC}") = "Remact.Net", "src\Remact.Net\Remact.Net.csproj", "{9A55AA58-1FFD-48C8-820A-675432755952}"
EndProject
Project("{FAE04EC0-301F-11D3-BF4B-00C04F79EFBC}") = "Remact.Net.Plugin.Json.Msgpak.Alchemy", "src\Remact.Net.Plugin.Json.Msgpak.Alchemy\Remact.Net.Plugin.Json.Msgpak.Alchemy.csproj", "{C2B408A5-BF3D-4E43-80E6-642605388CA9}"
EndProject
Project("{FAE04EC0-301F-11D3-BF4B-00C04F79EFBC}") = "Newtonsoft.Json.Replacement", "src\Newtonsoft.Json.Replacement\Newtonsoft.Json.Replacement.csproj", "{E8E29DF6-E63F-4B5E-8D7F-FF6C59113EF6}"
EndProject
Project("{FAE04EC0-301F-11D3-BF4B-00C04F79EFBC}") = "Remact.Net.CatalogApp", "src\Remact.Net.CatalogApp\Remact.Net.CatalogApp.csproj", "{06426B34-03DF-49A0-883A-F969A98D9DFE}"
EndProject
Project("{FAE04EC0-301F-11D3-BF4B-00C04F79EFBC}") = "Remact.Net.Plugin.Bms.Tcp", "src\Remact.Net.Plugin.Bms.Tcp\Remact.Net.Plugin.Bms.Tcp.csproj", "{71A13208-AA07-43B2-A952-FDE353EBC123}"
EndProject
Project("{FAE04EC0-301F-11D3-BF4B-00C04F79EFBC}") = "Remact.Net.TcpStream", "..\Remact.Net.Bms1Serializer\src\Remact.Net.TcpStream\Remact.Net.TcpStream.csproj", "{2F6C2E7A-6372-4020-810D-A23F9D47E9AB}"
EndProject
Project("{FAE04EC0-301F-11D3-BF4B-00C04F79EFBC}") = "Remact.Net.Bms1Serializer", "..\Remact.Net.Bms1Serializer\src\Remact.Net.Bms1Serializer\Remact.Net.Bms1Serializer.csproj", "{658FF815-D635-497E-BA72-F6A9D22692CE}"
EndProject
Project("{FAE04EC0-301F-11D3-BF4B-00C04F79EFBC}") = "RemactNUnitTests.Bms", "test\NUnitTests\BmsTests\RemactNUnitTests.Bms.csproj", "{FCE6F7F9-90A2-4A1D-AB13-383D2939EBF5}"
EndProject
Project("{FAE04EC0-301F-11D3-BF4B-00C04F79EFBC}") = "RemactNUnitTests.Json", "test\NUnitTests\JsonTests\RemactNUnitTests.Json.csproj", "{0CBC3013-D032-46D5-9F58-3687143F18D9}"
EndProject
Project("{D954291E-2A0B-460D-934E-DC6B0785DB48}") = "SharedNUnitTestSrc", "test\NUnitTests\SharedNUnitTestSrc\SharedNUnitTestSrc.shproj", "{DA742D0B-CD20-4F28-8E39-E84DD708CBA5}"
EndProject
Project("{FAE04EC0-301F-11D3-BF4B-00C04F79EFBC}") = "Amqp.Net", "..\amqpnetlite\src\Amqp.Net.csproj", "{92153715-1D99-43B1-B291-470CF91A156D}"
EndProject
Global
	GlobalSection(SharedMSBuildProjectFiles) = preSolution
		test\NUnitTests\SharedNUnitTestSrc\SharedNUnitTestSrc.projitems*{0cbc3013-d032-46d5-9f58-3687143f18d9}*SharedItemsImports = 4
		test\NUnitTests\SharedNUnitTestSrc\SharedNUnitTestSrc.projitems*{da742d0b-cd20-4f28-8e39-e84dd708cba5}*SharedItemsImports = 13
		test\NUnitTests\SharedNUnitTestSrc\SharedNUnitTestSrc.projitems*{fce6f7f9-90a2-4a1d-ab13-383d2939ebf5}*SharedItemsImports = 4
	EndGlobalSection
	GlobalSection(SolutionConfigurationPlatforms) = preSolution
		Debug|Any CPU = Debug|Any CPU
		Release|Any CPU = Release|Any CPU
	EndGlobalSection
	GlobalSection(ProjectConfigurationPlatforms) = postSolution
		{45486CDE-86A3-4769-952F-E0821BF79493}.Debug|Any CPU.ActiveCfg = Debug|Any CPU
		{45486CDE-86A3-4769-952F-E0821BF79493}.Debug|Any CPU.Build.0 = Debug|Any CPU
		{45486CDE-86A3-4769-952F-E0821BF79493}.Release|Any CPU.ActiveCfg = Release|Any CPU
		{45486CDE-86A3-4769-952F-E0821BF79493}.Release|Any CPU.Build.0 = Release|Any CPU
		{E722D976-399A-405A-B818-073BDA9DBB0E}.Debug|Any CPU.ActiveCfg = Debug|Any CPU
		{E722D976-399A-405A-B818-073BDA9DBB0E}.Debug|Any CPU.Build.0 = Debug|Any CPU
		{E722D976-399A-405A-B818-073BDA9DBB0E}.Release|Any CPU.ActiveCfg = Release|Any CPU
		{E722D976-399A-405A-B818-073BDA9DBB0E}.Release|Any CPU.Build.0 = Release|Any CPU
		{13CB30C8-528D-4C71-A937-FCF1DBC5E762}.Debug|Any CPU.ActiveCfg = Debug|Any CPU
		{13CB30C8-528D-4C71-A937-FCF1DBC5E762}.Debug|Any CPU.Build.0 = Debug|Any CPU
		{13CB30C8-528D-4C71-A937-FCF1DBC5E762}.Release|Any CPU.ActiveCfg = Release|Any CPU
		{13CB30C8-528D-4C71-A937-FCF1DBC5E762}.Release|Any CPU.Build.0 = Release|Any CPU
		{72A84AD5-213F-4DBD-8890-2B1B7CEEFC08}.Debug|Any CPU.ActiveCfg = Debug|Any CPU
		{72A84AD5-213F-4DBD-8890-2B1B7CEEFC08}.Debug|Any CPU.Build.0 = Debug|Any CPU
		{72A84AD5-213F-4DBD-8890-2B1B7CEEFC08}.Release|Any CPU.ActiveCfg = Release|Any CPU
		{72A84AD5-213F-4DBD-8890-2B1B7CEEFC08}.Release|Any CPU.Build.0 = Release|Any CPU
		{A748B855-6AC6-4F89-BEBA-094E97AEB2C0}.Debug|Any CPU.ActiveCfg = Debug|Any CPU
		{A748B855-6AC6-4F89-BEBA-094E97AEB2C0}.Debug|Any CPU.Build.0 = Debug|Any CPU
		{A748B855-6AC6-4F89-BEBA-094E97AEB2C0}.Release|Any CPU.ActiveCfg = Release|Any CPU
		{A748B855-6AC6-4F89-BEBA-094E97AEB2C0}.Release|Any CPU.Build.0 = Release|Any CPU
		{BE3C83E3-6A92-453D-BA90-00D8EF810286}.Debug|Any CPU.ActiveCfg = Debug|Any CPU
		{BE3C83E3-6A92-453D-BA90-00D8EF810286}.Debug|Any CPU.Build.0 = Debug|Any CPU
		{BE3C83E3-6A92-453D-BA90-00D8EF810286}.Release|Any CPU.ActiveCfg = Release|Any CPU
		{BE3C83E3-6A92-453D-BA90-00D8EF810286}.Release|Any CPU.Build.0 = Release|Any CPU
		{D8A24025-5596-4391-AF4C-676AA434CADE}.Debug|Any CPU.ActiveCfg = Debug|Any CPU
		{D8A24025-5596-4391-AF4C-676AA434CADE}.Debug|Any CPU.Build.0 = Debug|Any CPU
		{D8A24025-5596-4391-AF4C-676AA434CADE}.Release|Any CPU.ActiveCfg = Release|Any CPU
		{D8A24025-5596-4391-AF4C-676AA434CADE}.Release|Any CPU.Build.0 = Release|Any CPU
		{A9AE40FF-1A21-414A-9FE7-3BE13644CC6D}.Debug|Any CPU.ActiveCfg = Debug|Any CPU
		{A9AE40FF-1A21-414A-9FE7-3BE13644CC6D}.Debug|Any CPU.Build.0 = Debug|Any CPU
		{A9AE40FF-1A21-414A-9FE7-3BE13644CC6D}.Release|Any CPU.ActiveCfg = Release|Any CPU
		{A9AE40FF-1A21-414A-9FE7-3BE13644CC6D}.Release|Any CPU.Build.0 = Release|Any CPU
		{D45D4CBE-AFE7-4E2A-945D-47AED564C39D}.Debug|Any CPU.ActiveCfg = Debug|Any CPU
		{D45D4CBE-AFE7-4E2A-945D-47AED564C39D}.Debug|Any CPU.Build.0 = Debug|Any CPU
		{D45D4CBE-AFE7-4E2A-945D-47AED564C39D}.Release|Any CPU.ActiveCfg = Release|Any CPU
		{D45D4CBE-AFE7-4E2A-945D-47AED564C39D}.Release|Any CPU.Build.0 = Release|Any CPU
		{39FE4157-2A85-4AEE-8D4A-4B7A1A60B03C}.Debug|Any CPU.ActiveCfg = Debug|Any CPU
		{39FE4157-2A85-4AEE-8D4A-4B7A1A60B03C}.Debug|Any CPU.Build.0 = Debug|Any CPU
		{39FE4157-2A85-4AEE-8D4A-4B7A1A60B03C}.Release|Any CPU.ActiveCfg = Release|Any CPU
		{39FE4157-2A85-4AEE-8D4A-4B7A1A60B03C}.Release|Any CPU.Build.0 = Release|Any CPU
		{66EF889F-F66F-4411-83AD-7C2D00D26C2D}.Debug|Any CPU.ActiveCfg = Debug|Any CPU
		{66EF889F-F66F-4411-83AD-7C2D00D26C2D}.Debug|Any CPU.Build.0 = Debug|Any CPU
		{66EF889F-F66F-4411-83AD-7C2D00D26C2D}.Release|Any CPU.ActiveCfg = Release|Any CPU
		{66EF889F-F66F-4411-83AD-7C2D00D26C2D}.Release|Any CPU.Build.0 = Release|Any CPU
		{9A55AA58-1FFD-48C8-820A-675432755952}.Debug|Any CPU.ActiveCfg = Debug|Any CPU
		{9A55AA58-1FFD-48C8-820A-675432755952}.Debug|Any CPU.Build.0 = Debug|Any CPU
		{9A55AA58-1FFD-48C8-820A-675432755952}.Release|Any CPU.ActiveCfg = Release|Any CPU
		{9A55AA58-1FFD-48C8-820A-675432755952}.Release|Any CPU.Build.0 = Release|Any CPU
		{C2B408A5-BF3D-4E43-80E6-642605388CA9}.Debug|Any CPU.ActiveCfg = Debug|Any CPU
		{C2B408A5-BF3D-4E43-80E6-642605388CA9}.Debug|Any CPU.Build.0 = Debug|Any CPU
		{C2B408A5-BF3D-4E43-80E6-642605388CA9}.Release|Any CPU.ActiveCfg = Release|Any CPU
		{C2B408A5-BF3D-4E43-80E6-642605388CA9}.Release|Any CPU.Build.0 = Release|Any CPU
		{E8E29DF6-E63F-4B5E-8D7F-FF6C59113EF6}.Debug|Any CPU.ActiveCfg = Debug|Any CPU
		{E8E29DF6-E63F-4B5E-8D7F-FF6C59113EF6}.Debug|Any CPU.Build.0 = Debug|Any CPU
		{E8E29DF6-E63F-4B5E-8D7F-FF6C59113EF6}.Release|Any CPU.ActiveCfg = Release|Any CPU
		{E8E29DF6-E63F-4B5E-8D7F-FF6C59113EF6}.Release|Any CPU.Build.0 = Release|Any CPU
		{06426B34-03DF-49A0-883A-F969A98D9DFE}.Debug|Any CPU.ActiveCfg = Debug|Any CPU
		{06426B34-03DF-49A0-883A-F969A98D9DFE}.Debug|Any CPU.Build.0 = Debug|Any CPU
		{06426B34-03DF-49A0-883A-F969A98D9DFE}.Release|Any CPU.ActiveCfg = Release|Any CPU
		{06426B34-03DF-49A0-883A-F969A98D9DFE}.Release|Any CPU.Build.0 = Release|Any CPU
		{71A13208-AA07-43B2-A952-FDE353EBC123}.Debug|Any CPU.ActiveCfg = Debug|Any CPU
		{71A13208-AA07-43B2-A952-FDE353EBC123}.Debug|Any CPU.Build.0 = Debug|Any CPU
		{71A13208-AA07-43B2-A952-FDE353EBC123}.Release|Any CPU.ActiveCfg = Release|Any CPU
		{71A13208-AA07-43B2-A952-FDE353EBC123}.Release|Any CPU.Build.0 = Release|Any CPU
		{2F6C2E7A-6372-4020-810D-A23F9D47E9AB}.Debug|Any CPU.ActiveCfg = Debug|Any CPU
		{2F6C2E7A-6372-4020-810D-A23F9D47E9AB}.Debug|Any CPU.Build.0 = Debug|Any CPU
		{2F6C2E7A-6372-4020-810D-A23F9D47E9AB}.Release|Any CPU.ActiveCfg = Release|Any CPU
		{2F6C2E7A-6372-4020-810D-A23F9D47E9AB}.Release|Any CPU.Build.0 = Release|Any CPU
		{658FF815-D635-497E-BA72-F6A9D22692CE}.Debug|Any CPU.ActiveCfg = Debug|Any CPU
		{658FF815-D635-497E-BA72-F6A9D22692CE}.Debug|Any CPU.Build.0 = Debug|Any CPU
		{658FF815-D635-497E-BA72-F6A9D22692CE}.Release|Any CPU.ActiveCfg = Release|Any CPU
		{658FF815-D635-497E-BA72-F6A9D22692CE}.Release|Any CPU.Build.0 = Release|Any CPU
		{FCE6F7F9-90A2-4A1D-AB13-383D2939EBF5}.Debug|Any CPU.ActiveCfg = Debug|Any CPU
		{FCE6F7F9-90A2-4A1D-AB13-383D2939EBF5}.Debug|Any CPU.Build.0 = Debug|Any CPU
		{FCE6F7F9-90A2-4A1D-AB13-383D2939EBF5}.Release|Any CPU.ActiveCfg = Release|Any CPU
		{FCE6F7F9-90A2-4A1D-AB13-383D2939EBF5}.Release|Any CPU.Build.0 = Release|Any CPU
		{0CBC3013-D032-46D5-9F58-3687143F18D9}.Debug|Any CPU.ActiveCfg = Debug|Any CPU
		{0CBC3013-D032-46D5-9F58-3687143F18D9}.Debug|Any CPU.Build.0 = Debug|Any CPU
		{0CBC3013-D032-46D5-9F58-3687143F18D9}.Release|Any CPU.ActiveCfg = Release|Any CPU
		{0CBC3013-D032-46D5-9F58-3687143F18D9}.Release|Any CPU.Build.0 = Release|Any CPU
		{92153715-1D99-43B1-B291-470CF91A156D}.Debug|Any CPU.ActiveCfg = Debug|Any CPU
		{92153715-1D99-43B1-B291-470CF91A156D}.Debug|Any CPU.Build.0 = Debug|Any CPU
		{92153715-1D99-43B1-B291-470CF91A156D}.Release|Any CPU.ActiveCfg = Release|Any CPU
		{92153715-1D99-43B1-B291-470CF91A156D}.Release|Any CPU.Build.0 = Release|Any CPU
	EndGlobalSection
	GlobalSection(SolutionProperties) = preSolution
		HideSolutionNode = FALSE
	EndGlobalSection
	GlobalSection(NestedProjects) = preSolution
		{45486CDE-86A3-4769-952F-E0821BF79493} = {8461292F-1494-437E-B835-F85B36A23FBD}
		{3D975549-410F-4838-830F-242EF376116E} = {140BFDC3-C45C-43F8-A323-406020659ECA}
		{8A693CC3-DCAB-4ED4-8E29-E2CD781E6A8D} = {140BFDC3-C45C-43F8-A323-406020659ECA}
		{47111966-694A-4D01-BCBA-A98276B5D440} = {140BFDC3-C45C-43F8-A323-406020659ECA}
		{E722D976-399A-405A-B818-073BDA9DBB0E} = {8A693CC3-DCAB-4ED4-8E29-E2CD781E6A8D}
		{13CB30C8-528D-4C71-A937-FCF1DBC5E762} = {8A693CC3-DCAB-4ED4-8E29-E2CD781E6A8D}
		{72A84AD5-213F-4DBD-8890-2B1B7CEEFC08} = {8A693CC3-DCAB-4ED4-8E29-E2CD781E6A8D}
		{A748B855-6AC6-4F89-BEBA-094E97AEB2C0} = {47111966-694A-4D01-BCBA-A98276B5D440}
		{BE3C83E3-6A92-453D-BA90-00D8EF810286} = {47111966-694A-4D01-BCBA-A98276B5D440}
		{D8A24025-5596-4391-AF4C-676AA434CADE} = {47111966-694A-4D01-BCBA-A98276B5D440}
		{A9AE40FF-1A21-414A-9FE7-3BE13644CC6D} = {8461292F-1494-437E-B835-F85B36A23FBD}
		{D45D4CBE-AFE7-4E2A-945D-47AED564C39D} = {8461292F-1494-437E-B835-F85B36A23FBD}
		{39FE4157-2A85-4AEE-8D4A-4B7A1A60B03C} = {8461292F-1494-437E-B835-F85B36A23FBD}
		{F8A4213C-8F2E-48E4-BEA7-2BE57D1C7472} = {140BFDC3-C45C-43F8-A323-406020659ECA}
		{66EF889F-F66F-4411-83AD-7C2D00D26C2D} = {4E3DF2C1-79B8-4CB6-B5E7-D0DA01AE7751}
		{9A55AA58-1FFD-48C8-820A-675432755952} = {4E3DF2C1-79B8-4CB6-B5E7-D0DA01AE7751}
		{C2B408A5-BF3D-4E43-80E6-642605388CA9} = {4E3DF2C1-79B8-4CB6-B5E7-D0DA01AE7751}
		{E8E29DF6-E63F-4B5E-8D7F-FF6C59113EF6} = {4E3DF2C1-79B8-4CB6-B5E7-D0DA01AE7751}
		{06426B34-03DF-49A0-883A-F969A98D9DFE} = {4E3DF2C1-79B8-4CB6-B5E7-D0DA01AE7751}
		{71A13208-AA07-43B2-A952-FDE353EBC123} = {4E3DF2C1-79B8-4CB6-B5E7-D0DA01AE7751}
		{2F6C2E7A-6372-4020-810D-A23F9D47E9AB} = {8461292F-1494-437E-B835-F85B36A23FBD}
		{658FF815-D635-497E-BA72-F6A9D22692CE} = {8461292F-1494-437E-B835-F85B36A23FBD}
		{FCE6F7F9-90A2-4A1D-AB13-383D2939EBF5} = {F8A4213C-8F2E-48E4-BEA7-2BE57D1C7472}
		{0CBC3013-D032-46D5-9F58-3687143F18D9} = {F8A4213C-8F2E-48E4-BEA7-2BE57D1C7472}
		{DA742D0B-CD20-4F28-8E39-E84DD708CBA5} = {F8A4213C-8F2E-48E4-BEA7-2BE57D1C7472}
		{92153715-1D99-43B1-B291-470CF91A156D} = {8461292F-1494-437E-B835-F85B36A23FBD}
	EndGlobalSection
EndGlobal
