
Microsoft Visual Studio Solution File, Format Version 12.00
# Visual Studio 14
VisualStudioVersion = 14.0.22310.1
MinimumVisualStudioVersion = 10.0.40219.1
Project("{2150E333-8FDC-42A3-9474-1A3956D46DE8}") = "src", "src", "{4E3DF2C1-79B8-4CB6-B5E7-D0DA01AE7751}"
EndProject
Project("{2150E333-8FDC-42A3-9474-1A3956D46DE8}") = "test", "test", "{140BFDC3-C45C-43F8-A323-406020659ECA}"
EndProject
Project("{FAE04EC0-301F-11D3-BF4B-00C04F79EFBC}") = "Remact.Mono", "src\Remact.Net\Remact.Mono.csproj", "{9DC114F4-F328-4770-B1EA-2BD4D0FA5A5A}"
EndProject
Project("{FAE04EC0-301F-11D3-BF4B-00C04F79EFBC}") = "Remact.Catalog.Mono", "src\Remact.Catalog\Remact.Catalog.Mono.csproj", "{B3531196-D6D6-4882-85D0-F7D9EAA8582B}"
EndProject
Project("{FAE04EC0-301F-11D3-BF4B-00C04F79EFBC}") = "Alchemy", "..\Alchemy-Websockets\src\Alchemy\Alchemy.csproj", "{45486CDE-86A3-4769-952F-E0821BF79493}"
EndProject
Project("{2150E333-8FDC-42A3-9474-1A3956D46DE8}") = "BrowserTestClient", "BrowserTestClient", "{3D975549-410F-4838-830F-242EF376116E}"
	ProjectSection(SolutionItems) = preProject
		test\BrowserTestClient\ClientWithoutProtocol.html = test\BrowserTestClient\ClientWithoutProtocol.html
	EndProjectSection
EndProject
Project("{2150E333-8FDC-42A3-9474-1A3956D46DE8}") = "ConsoleTestApps", "ConsoleTestApps", "{8A693CC3-DCAB-4ED4-8E29-E2CD781E6A8D}"
EndProject
Project("{2150E333-8FDC-42A3-9474-1A3956D46DE8}") = "SpeedTestApp", "SpeedTestApp", "{47111966-694A-4D01-BCBA-A98276B5D440}"
EndProject
Project("{FAE04EC0-301F-11D3-BF4B-00C04F79EFBC}") = "Test1.Client.Mono", "test\ConsoleTestApps\Mono\Test1.Client.Mono.csproj", "{E722D976-399A-405A-B818-073BDA9DBB0E}"
EndProject
Project("{FAE04EC0-301F-11D3-BF4B-00C04F79EFBC}") = "Test1.Messages.Mono", "test\ConsoleTestApps\Mono\Test1.Messages.Mono.csproj", "{13CB30C8-528D-4C71-A937-FCF1DBC5E762}"
EndProject
Project("{FAE04EC0-301F-11D3-BF4B-00C04F79EFBC}") = "Test1.Service.Mono", "test\ConsoleTestApps\Mono\Test1.Service.Mono.csproj", "{72A84AD5-213F-4DBD-8890-2B1B7CEEFC08}"
EndProject
Project("{FAE04EC0-301F-11D3-BF4B-00C04F79EFBC}") = "Test2.Client.Mono", "test\SpeedTestApp\Mono\Test2.Client.Mono.csproj", "{A748B855-6AC6-4F89-BEBA-094E97AEB2C0}"
EndProject
Project("{FAE04EC0-301F-11D3-BF4B-00C04F79EFBC}") = "Test2.Contracts.Mono", "test\SpeedTestApp\Mono\Test2.Contracts.Mono.csproj", "{BE3C83E3-6A92-453D-BA90-00D8EF810286}"
EndProject
Project("{FAE04EC0-301F-11D3-BF4B-00C04F79EFBC}") = "Test2.Service.Mono", "test\SpeedTestApp\Mono\Test2.Service.Mono.csproj", "{D8A24025-5596-4391-AF4C-676AA434CADE}"
EndProject
Project("{FAE04EC0-301F-11D3-BF4B-00C04F79EFBC}") = "Newtonsoft.Json.Net40", "..\Newtonsoft.Json\Src\Newtonsoft.Json\Newtonsoft.Json.Net40.csproj", "{A9AE40FF-1A21-414A-9FE7-3BE13644CC6D}"
EndProject
Project("{FAE04EC0-301F-11D3-BF4B-00C04F79EFBC}") = "MsgPack.Net40", "..\msgpack-cli\src\MsgPack.Net40\MsgPack.Net40.csproj", "{D45D4CBE-AFE7-4E2A-945D-47AED564C39D}"
EndProject
Project("{FAE04EC0-301F-11D3-BF4B-00C04F79EFBC}") = "Newtonsoft.Msgpack", "src\Newtonsoft.Msgpack\Newtonsoft.Msgpack.csproj", "{39FE4157-2A85-4AEE-8D4A-4B7A1A60B03C}"
EndProject
Global
	GlobalSection(SolutionConfigurationPlatforms) = preSolution
		Debug|Any CPU = Debug|Any CPU
		Release|Any CPU = Release|Any CPU
	EndGlobalSection
	GlobalSection(ProjectConfigurationPlatforms) = postSolution
		{9DC114F4-F328-4770-B1EA-2BD4D0FA5A5A}.Debug|Any CPU.ActiveCfg = Debug|Any CPU
		{9DC114F4-F328-4770-B1EA-2BD4D0FA5A5A}.Debug|Any CPU.Build.0 = Debug|Any CPU
		{9DC114F4-F328-4770-B1EA-2BD4D0FA5A5A}.Release|Any CPU.ActiveCfg = Release|Any CPU
		{9DC114F4-F328-4770-B1EA-2BD4D0FA5A5A}.Release|Any CPU.Build.0 = Release|Any CPU
		{B3531196-D6D6-4882-85D0-F7D9EAA8582B}.Debug|Any CPU.ActiveCfg = Debug|Any CPU
		{B3531196-D6D6-4882-85D0-F7D9EAA8582B}.Debug|Any CPU.Build.0 = Debug|Any CPU
		{B3531196-D6D6-4882-85D0-F7D9EAA8582B}.Release|Any CPU.ActiveCfg = Release|Any CPU
		{B3531196-D6D6-4882-85D0-F7D9EAA8582B}.Release|Any CPU.Build.0 = Release|Any CPU
		{45486CDE-86A3-4769-952F-E0821BF79493}.Debug|Any CPU.ActiveCfg = Debug|Any CPU
		{45486CDE-86A3-4769-952F-E0821BF79493}.Debug|Any CPU.Build.0 = Debug|Any CPU
		{45486CDE-86A3-4769-952F-E0821BF79493}.Release|Any CPU.ActiveCfg = Release|Any CPU
		{45486CDE-86A3-4769-952F-E0821BF79493}.Release|Any CPU.Build.0 = Release|Any CPU
		{E722D976-399A-405A-B818-073BDA9DBB0E}.Debug|Any CPU.ActiveCfg = Debug|Any CPU
		{E722D976-399A-405A-B818-073BDA9DBB0E}.Debug|Any CPU.Build.0 = Debug|Any CPU
		{E722D976-399A-405A-B818-073BDA9DBB0E}.Release|Any CPU.ActiveCfg = Release|Any CPU
		{E722D976-399A-405A-B818-073BDA9DBB0E}.Release|Any CPU.Build.0 = Release|Any CPU
		{13CB30C8-528D-4C71-A937-FCF1DBC5E762}.Debug|Any CPU.ActiveCfg = Debug|Any CPU
		{13CB30C8-528D-4C71-A937-FCF1DBC5E762}.Debug|Any CPU.Build.0 = Debug|Any CPU
		{13CB30C8-528D-4C71-A937-FCF1DBC5E762}.Release|Any CPU.ActiveCfg = Release|Any CPU
		{13CB30C8-528D-4C71-A937-FCF1DBC5E762}.Release|Any CPU.Build.0 = Release|Any CPU
		{72A84AD5-213F-4DBD-8890-2B1B7CEEFC08}.Debug|Any CPU.ActiveCfg = Debug|Any CPU
		{72A84AD5-213F-4DBD-8890-2B1B7CEEFC08}.Debug|Any CPU.Build.0 = Debug|Any CPU
		{72A84AD5-213F-4DBD-8890-2B1B7CEEFC08}.Release|Any CPU.ActiveCfg = Release|Any CPU
		{72A84AD5-213F-4DBD-8890-2B1B7CEEFC08}.Release|Any CPU.Build.0 = Release|Any CPU
		{A748B855-6AC6-4F89-BEBA-094E97AEB2C0}.Debug|Any CPU.ActiveCfg = Debug|Any CPU
		{A748B855-6AC6-4F89-BEBA-094E97AEB2C0}.Debug|Any CPU.Build.0 = Debug|Any CPU
		{A748B855-6AC6-4F89-BEBA-094E97AEB2C0}.Release|Any CPU.ActiveCfg = Release|Any CPU
		{A748B855-6AC6-4F89-BEBA-094E97AEB2C0}.Release|Any CPU.Build.0 = Release|Any CPU
		{BE3C83E3-6A92-453D-BA90-00D8EF810286}.Debug|Any CPU.ActiveCfg = Debug|Any CPU
		{BE3C83E3-6A92-453D-BA90-00D8EF810286}.Debug|Any CPU.Build.0 = Debug|Any CPU
		{BE3C83E3-6A92-453D-BA90-00D8EF810286}.Release|Any CPU.ActiveCfg = Release|Any CPU
		{BE3C83E3-6A92-453D-BA90-00D8EF810286}.Release|Any CPU.Build.0 = Release|Any CPU
		{D8A24025-5596-4391-AF4C-676AA434CADE}.Debug|Any CPU.ActiveCfg = Debug|Any CPU
		{D8A24025-5596-4391-AF4C-676AA434CADE}.Debug|Any CPU.Build.0 = Debug|Any CPU
		{D8A24025-5596-4391-AF4C-676AA434CADE}.Release|Any CPU.ActiveCfg = Release|Any CPU
		{D8A24025-5596-4391-AF4C-676AA434CADE}.Release|Any CPU.Build.0 = Release|Any CPU
		{A9AE40FF-1A21-414A-9FE7-3BE13644CC6D}.Debug|Any CPU.ActiveCfg = Debug|Any CPU
		{A9AE40FF-1A21-414A-9FE7-3BE13644CC6D}.Debug|Any CPU.Build.0 = Debug|Any CPU
		{A9AE40FF-1A21-414A-9FE7-3BE13644CC6D}.Release|Any CPU.ActiveCfg = Release|Any CPU
		{A9AE40FF-1A21-414A-9FE7-3BE13644CC6D}.Release|Any CPU.Build.0 = Release|Any CPU
		{D45D4CBE-AFE7-4E2A-945D-47AED564C39D}.Debug|Any CPU.ActiveCfg = Debug|Any CPU
		{D45D4CBE-AFE7-4E2A-945D-47AED564C39D}.Debug|Any CPU.Build.0 = Debug|Any CPU
		{D45D4CBE-AFE7-4E2A-945D-47AED564C39D}.Release|Any CPU.ActiveCfg = Release|Any CPU
		{D45D4CBE-AFE7-4E2A-945D-47AED564C39D}.Release|Any CPU.Build.0 = Release|Any CPU
		{39FE4157-2A85-4AEE-8D4A-4B7A1A60B03C}.Debug|Any CPU.ActiveCfg = Debug|Any CPU
		{39FE4157-2A85-4AEE-8D4A-4B7A1A60B03C}.Debug|Any CPU.Build.0 = Debug|Any CPU
		{39FE4157-2A85-4AEE-8D4A-4B7A1A60B03C}.Release|Any CPU.ActiveCfg = Release|Any CPU
		{39FE4157-2A85-4AEE-8D4A-4B7A1A60B03C}.Release|Any CPU.Build.0 = Release|Any CPU
	EndGlobalSection
	GlobalSection(SolutionProperties) = preSolution
		HideSolutionNode = FALSE
	EndGlobalSection
	GlobalSection(NestedProjects) = preSolution
		{9DC114F4-F328-4770-B1EA-2BD4D0FA5A5A} = {4E3DF2C1-79B8-4CB6-B5E7-D0DA01AE7751}
		{B3531196-D6D6-4882-85D0-F7D9EAA8582B} = {4E3DF2C1-79B8-4CB6-B5E7-D0DA01AE7751}
		{45486CDE-86A3-4769-952F-E0821BF79493} = {4E3DF2C1-79B8-4CB6-B5E7-D0DA01AE7751}
		{3D975549-410F-4838-830F-242EF376116E} = {140BFDC3-C45C-43F8-A323-406020659ECA}
		{8A693CC3-DCAB-4ED4-8E29-E2CD781E6A8D} = {140BFDC3-C45C-43F8-A323-406020659ECA}
		{47111966-694A-4D01-BCBA-A98276B5D440} = {140BFDC3-C45C-43F8-A323-406020659ECA}
		{E722D976-399A-405A-B818-073BDA9DBB0E} = {8A693CC3-DCAB-4ED4-8E29-E2CD781E6A8D}
		{13CB30C8-528D-4C71-A937-FCF1DBC5E762} = {8A693CC3-DCAB-4ED4-8E29-E2CD781E6A8D}
		{72A84AD5-213F-4DBD-8890-2B1B7CEEFC08} = {8A693CC3-DCAB-4ED4-8E29-E2CD781E6A8D}
		{A748B855-6AC6-4F89-BEBA-094E97AEB2C0} = {47111966-694A-4D01-BCBA-A98276B5D440}
		{BE3C83E3-6A92-453D-BA90-00D8EF810286} = {47111966-694A-4D01-BCBA-A98276B5D440}
		{D8A24025-5596-4391-AF4C-676AA434CADE} = {47111966-694A-4D01-BCBA-A98276B5D440}
		{A9AE40FF-1A21-414A-9FE7-3BE13644CC6D} = {4E3DF2C1-79B8-4CB6-B5E7-D0DA01AE7751}
		{D45D4CBE-AFE7-4E2A-945D-47AED564C39D} = {4E3DF2C1-79B8-4CB6-B5E7-D0DA01AE7751}
		{39FE4157-2A85-4AEE-8D4A-4B7A1A60B03C} = {4E3DF2C1-79B8-4CB6-B5E7-D0DA01AE7751}
	EndGlobalSection
EndGlobal
